
Microsoft Visual Studio Solution File, Format Version 12.00
# Visual Studio Version 17
VisualStudioVersion = 17.11.35327.3
MinimumVisualStudioVersion = 10.0.40219.1
Project("{FAE04EC0-301F-11D3-BF4B-00C04F79EFBC}") = "DevelopmentRepairEngine", "DevelopmentRepairEngine.csproj", "{D0DC0046-7F63-4AF4-99AF-AB39BDBDDA7C}"
EndProject
Global
	GlobalSection(SolutionConfigurationPlatforms) = preSolution
		Debug|Any CPU = Debug|Any CPU
		Release|Any CPU = Release|Any CPU
	EndGlobalSection
	GlobalSection(ProjectConfigurationPlatforms) = postSolution
		{D0DC0046-7F63-4AF4-99AF-AB39BDBDDA7C}.Debug|Any CPU.ActiveCfg = Debug|Any CPU
		{D0DC0046-7F63-4AF4-99AF-AB39BDBDDA7C}.Debug|Any CPU.Build.0 = Debug|Any CPU
		{D0DC0046-7F63-4AF4-99AF-AB39BDBDDA7C}.Release|Any CPU.ActiveCfg = Release|Any CPU
		{D0DC0046-7F63-4AF4-99AF-AB39BDBDDA7C}.Release|Any CPU.Build.0 = Release|Any CPU
	EndGlobalSection
	GlobalSection(SolutionProperties) = preSolution
		HideSolutionNode = FALSE
	EndGlobalSection
	GlobalSection(ExtensibilityGlobals) = postSolution
		SolutionGuid = {A4255458-8982-4501-8CB8-7D6C611426DD}
	EndGlobalSection
EndGlobal
